
Microsoft Visual Studio Solution File, Format Version 12.00
# Visual Studio 2012
Project("{FAE04EC0-301F-11D3-BF4B-00C04F79EFBC}") = "Library.iOS", "Library.iOS.csproj", "{C250985B-99DF-4164-A3D4-97397DE58576}"
EndProject
Global
	GlobalSection(SolutionConfigurationPlatforms) = preSolution
		Debug|iPhoneSimulator = Debug|iPhoneSimulator
		Release|iPhone = Release|iPhone
		Release|iPhoneSimulator = Release|iPhoneSimulator
		Debug|iPhone = Debug|iPhone
	EndGlobalSection
	GlobalSection(ProjectConfigurationPlatforms) = postSolution
		{C250985B-99DF-4164-A3D4-97397DE58576}.Debug|iPhoneSimulator.ActiveCfg = Debug|iPhoneSimulator
		{C250985B-99DF-4164-A3D4-97397DE58576}.Debug|iPhoneSimulator.Build.0 = Debug|iPhoneSimulator
		{C250985B-99DF-4164-A3D4-97397DE58576}.Release|iPhone.ActiveCfg = Release|iPhone
		{C250985B-99DF-4164-A3D4-97397DE58576}.Release|iPhone.Build.0 = Release|iPhone
		{C250985B-99DF-4164-A3D4-97397DE58576}.Release|iPhoneSimulator.ActiveCfg = Release|iPhoneSimulator
		{C250985B-99DF-4164-A3D4-97397DE58576}.Release|iPhoneSimulator.Build.0 = Release|iPhoneSimulator
		{C250985B-99DF-4164-A3D4-97397DE58576}.Debug|iPhone.ActiveCfg = Debug|iPhone
		{C250985B-99DF-4164-A3D4-97397DE58576}.Debug|iPhone.Build.0 = Debug|iPhone
	EndGlobalSection
EndGlobal
